# THIS IS AN AUTOGENERATED FILE. DO NOT EDIT THIS FILE DIRECTLY.
# yarn lockfile v1
"@angular/common@^2.1.0":
  version "2.2.3"
  resolved "https://registry.yarnpkg.com/@angular/common/-/common-2.2.3.tgz#0d26bdfdea362ed32e436ced4f31bb69a9d7b9e4"

"@angular/compiler-cli@^2.1.0":
  version "2.2.3"
  resolved "https://registry.yarnpkg.com/@angular/compiler-cli/-/compiler-cli-2.2.3.tgz#d632bbf856802a20fc5589cb472f98fef5f011c4"
  dependencies:
    "@angular/tsc-wrapped" "^0.3.0"
    minimist "^1.2.0"
    reflect-metadata "^0.1.2"

"@angular/compiler@^2.1.0":
  version "2.2.3"
  resolved "https://registry.yarnpkg.com/@angular/compiler/-/compiler-2.2.3.tgz#5a96b8b6c620ffe0c3b87b2f254e588abeb77a12"

"@angular/core@^2.1.0":
  version "2.2.3"
  resolved "https://registry.yarnpkg.com/@angular/core/-/core-2.2.3.tgz#18b09740bf51bdeb906153704e771bce53fecdf6"

"@angular/forms@^2.1.0":
  version "2.2.3"
  resolved "https://registry.yarnpkg.com/@angular/forms/-/forms-2.2.3.tgz#361489605b5df4fa20f26e184a0b0d775b11fe1e"

"@angular/http@^2.1.0":
  version "2.2.3"
  resolved "https://registry.yarnpkg.com/@angular/http/-/http-2.2.3.tgz#84941d638c961ebae248091d6d51ac6f241be882"

"@angular/material@latest":
  version "2.0.0-alpha.10"
  resolved "https://registry.yarnpkg.com/@angular/material/-/material-2.0.0-alpha.10.tgz#c9f28b52aa9d0f71670e6ce163e22052ef63fcc2"
  dependencies:
    "@types/hammerjs" "^2.0.30"

"@angular/platform-browser-dynamic@^2.1.0":
  version "2.2.3"
  resolved "https://registry.yarnpkg.com/@angular/platform-browser-dynamic/-/platform-browser-dynamic-2.2.3.tgz#80f68c13c0b51bac890beed05548bc7597b9ff6d"

"@angular/platform-browser@^2.1.0":
  version "2.2.3"
  resolved "https://registry.yarnpkg.com/@angular/platform-browser/-/platform-browser-2.2.3.tgz#f48d2452a6dfebc0d41274f0e3a02ba89c01b2b6"

"@angular/platform-server@^2.1.0":
  version "2.2.3"
  resolved "https://registry.yarnpkg.com/@angular/platform-server/-/platform-server-2.2.3.tgz#9959f65c14194faac82052edae226fd7ea75be76"
  dependencies:
    parse5 "^2.2.1"

"@angular/router@^3.1.0":
  version "3.2.3"
  resolved "https://registry.yarnpkg.com/@angular/router/-/router-3.2.3.tgz#07cd0e978abc53abb71be9d17353d7ff93f05083"

"@angular/tsc-wrapped@^0.3.0":
  version "0.3.0"
  resolved "https://registry.yarnpkg.com/@angular/tsc-wrapped/-/tsc-wrapped-0.3.0.tgz#98cdeb5c38d145b187c0ad0397a8d98b217f33f2"
  dependencies:
    tsickle "^0.1.7"

"@ngrx/core@^1.0.0":
  version "1.2.0"
  resolved "https://registry.yarnpkg.com/@ngrx/core/-/core-1.2.0.tgz#882b46abafa2e0e6d887cb71a1b2c2fa3e6d0dc6"

"@ngrx/db@^2.0.0":
  version "2.0.1"
  resolved "https://registry.yarnpkg.com/@ngrx/db/-/db-2.0.1.tgz#c14a2204ab34c587e41bb5c57411877f8f832183"

"@ngrx/effects@^2.0.0":
  version "2.0.0"
  resolved "https://registry.yarnpkg.com/@ngrx/effects/-/effects-2.0.0.tgz#db4c3e1b69030229cb6b908477115b3479e4c4e0"

"@ngrx/router-store@^1.1.0":
  version "1.2.5"
  resolved "https://registry.yarnpkg.com/@ngrx/router-store/-/router-store-1.2.5.tgz#1cff82c5488fab995872c6f0d57a29a7ac91e598"

"@ngrx/store-devtools@^3.1.0":
  version "3.2.2"
  resolved "https://registry.yarnpkg.com/@ngrx/store-devtools/-/store-devtools-3.2.2.tgz#4409c18b8ae656a2cdfb097155855d5d5d81ab80"

"@ngrx/store@^2.0.0":
  version "2.2.1"
  resolved "https://registry.yarnpkg.com/@ngrx/store/-/store-2.2.1.tgz#316ec1e43aa5a0166e5e6e1aa2c34a4049386510"

"@types/fs-extra@0.0.33":
  version "0.0.33"
  resolved "https://registry.yarnpkg.com/@types/fs-extra/-/fs-extra-0.0.33.tgz#a8719c417b080c012d3497b28e228ac09745fdf2"
  dependencies:
    "@types/node" "*"

"@types/hammerjs@^2.0.30":
  version "2.0.33"
  resolved "https://registry.yarnpkg.com/@types/hammerjs/-/hammerjs-2.0.33.tgz#45f57352474181425bb4b65f7313a60426d54bab"

"@types/handlebars@^4.0.31":
  version "4.0.31"
  resolved "https://registry.yarnpkg.com/@types/handlebars/-/handlebars-4.0.31.tgz#a7fba66fafe42713aee88eeca8db91192efe6e72"

"@types/highlight.js@^9.1.8":
  version "9.1.8"
  resolved "https://registry.yarnpkg.com/@types/highlight.js/-/highlight.js-9.1.8.tgz#d227f18bcb8f3f187e16965f2444859a04689758"

"@types/lodash@^4.14.37":
  version "4.14.41"
  resolved "https://registry.yarnpkg.com/@types/lodash/-/lodash-4.14.41.tgz#6f65b0453778d482dc11fc11601c5c7bc98f04d0"

"@types/marked@0.0.28":
  version "0.0.28"
  resolved "https://registry.yarnpkg.com/@types/marked/-/marked-0.0.28.tgz#44ba754e9fa51432583e8eb30a7c4dd249b52faa"

"@types/minimatch@^2.0.29":
  version "2.0.29"
  resolved "https://registry.yarnpkg.com/@types/minimatch/-/minimatch-2.0.29.tgz#5002e14f75e2d71e564281df0431c8c1b4a2a36a"

"@types/node@*":
  version "6.0.51"
  resolved "https://registry.yarnpkg.com/@types/node/-/node-6.0.51.tgz#84cbf25111516ec9304d0b61469dc0fa9d12ba32"

"@types/shelljs@^0.3.32":
  version "0.3.33"
  resolved "https://registry.yarnpkg.com/@types/shelljs/-/shelljs-0.3.33.tgz#df613bddb88225ed09ce5c835f620dcaaf155e6b"
  dependencies:
    "@types/node" "*"

align-text@^0.1.1, align-text@^0.1.3:
  version "0.1.4"
  resolved "https://registry.yarnpkg.com/align-text/-/align-text-0.1.4.tgz#0cd90a561093f35d0a99256c22b7069433fad117"
  dependencies:
    kind-of "^3.0.2"
    longest "^1.0.1"
    repeat-string "^1.5.2"

amdefine@>=0.0.4:
  version "1.0.1"
  resolved "https://registry.yarnpkg.com/amdefine/-/amdefine-1.0.1.tgz#4a5282ac164729e93619bcfd3ad151f817ce91f5"

async@^1.4.0:
  version "1.5.2"
  resolved "https://registry.yarnpkg.com/async/-/async-1.5.2.tgz#ec6a61ae56480c0c3cb241c95618e20892f9672a"

async@~0.2.6:
  version "0.2.10"
  resolved "https://registry.yarnpkg.com/async/-/async-0.2.10.tgz#b6bbe0b0674b9d719708ca38de8c237cb526c3d1"

balanced-match@^0.4.1:
  version "0.4.2"
  resolved "https://registry.yarnpkg.com/balanced-match/-/balanced-match-0.4.2.tgz#cb3f3e3c732dc0f01ee70b403f302e61d7709838"

brace-expansion@^1.0.0:
  version "1.1.6"
  resolved "https://registry.yarnpkg.com/brace-expansion/-/brace-expansion-1.1.6.tgz#7197d7eaa9b87e648390ea61fc66c84427420df9"
  dependencies:
    balanced-match "^0.4.1"
    concat-map "0.0.1"

camelcase@^1.0.2:
  version "1.2.1"
  resolved "https://registry.yarnpkg.com/camelcase/-/camelcase-1.2.1.tgz#9bb5304d2e0b56698b2c758b08a3eaa9daa58a39"

center-align@^0.1.1:
  version "0.1.3"
  resolved "https://registry.yarnpkg.com/center-align/-/center-align-0.1.3.tgz#aa0d32629b6ee972200411cbd4461c907bc2b7ad"
  dependencies:
    align-text "^0.1.3"
    lazy-cache "^1.0.3"

cliui@^2.1.0:
  version "2.1.0"
  resolved "https://registry.yarnpkg.com/cliui/-/cliui-2.1.0.tgz#4b475760ff80264c762c3a1719032e91c7fea0d1"
  dependencies:
    center-align "^0.1.1"
    right-align "^0.1.1"
    wordwrap "0.0.2"

concat-map@0.0.1:
  version "0.0.1"
  resolved "https://registry.yarnpkg.com/concat-map/-/concat-map-0.0.1.tgz#d8a96bd77fd68df7793a73036a3ba0d5405d477b"

core-js@^2.2.2:
  version "2.4.1"
  resolved "https://registry.yarnpkg.com/core-js/-/core-js-2.4.1.tgz#4de911e667b0eae9124e34254b53aea6fc618d3e"

decamelize@^1.0.0:
  version "1.2.0"
  resolved "https://registry.yarnpkg.com/decamelize/-/decamelize-1.2.0.tgz#f6534d15148269b20352e7bee26f501f9a191290"

deep-freeze@^0.0.1:
  version "0.0.1"
  resolved "https://registry.yarnpkg.com/deep-freeze/-/deep-freeze-0.0.1.tgz#3a0b0005de18672819dfd38cd31f91179c893e84"

fs-extra@^0.30.0:
  version "0.30.0"
  resolved "https://registry.yarnpkg.com/fs-extra/-/fs-extra-0.30.0.tgz#f233ffcc08d4da7d432daa449776989db1df93f0"
  dependencies:
    graceful-fs "^4.1.2"
    jsonfile "^2.1.0"
    klaw "^1.0.0"
    path-is-absolute "^1.0.0"
    rimraf "^2.2.8"

fs.realpath@^1.0.0:
  version "1.0.0"
  resolved "https://registry.yarnpkg.com/fs.realpath/-/fs.realpath-1.0.0.tgz#1504ad2523158caa40db4a2787cb01411994ea4f"

glob@^7.0.0, glob@^7.0.5:
  version "7.1.1"
  resolved "https://registry.yarnpkg.com/glob/-/glob-7.1.1.tgz#805211df04faaf1c63a3600306cdf5ade50b2ec8"
  dependencies:
    fs.realpath "^1.0.0"
    inflight "^1.0.4"
    inherits "2"
    minimatch "^3.0.2"
    once "^1.3.0"
    path-is-absolute "^1.0.0"

graceful-fs@^4.1.2, graceful-fs@^4.1.6, graceful-fs@^4.1.9:
  version "4.1.11"
  resolved "https://registry.yarnpkg.com/graceful-fs/-/graceful-fs-4.1.11.tgz#0e8bdfe4d1ddb8854d64e04ea7c00e2a026e5658"

handlebars@^4.0.6:
  version "4.0.6"
  resolved "https://registry.yarnpkg.com/handlebars/-/handlebars-4.0.6.tgz#2ce4484850537f9c97a8026d5399b935c4ed4ed7"
  dependencies:
    async "^1.4.0"
    optimist "^0.6.1"
    source-map "^0.4.4"
  optionalDependencies:
    uglify-js "^2.6"

handlebars@4.0.5:
  version "4.0.5"
  resolved "https://registry.yarnpkg.com/handlebars/-/handlebars-4.0.5.tgz#92c6ed6bb164110c50d4d8d0fbddc70806c6f8e7"
  dependencies:
    async "^1.4.0"
    optimist "^0.6.1"
    source-map "^0.4.4"
  optionalDependencies:
    uglify-js "^2.6"

highlight.js@^9.0.0:
  version "9.8.0"
  resolved "https://registry.yarnpkg.com/highlight.js/-/highlight.js-9.8.0.tgz#38eeef40cd45eaddbec8c9e5238fb7a783a3b685"

inflight@^1.0.4:
  version "1.0.6"
  resolved "https://registry.yarnpkg.com/inflight/-/inflight-1.0.6.tgz#49bd6331d7d02d0c09bc910a1075ba8165b56df9"
  dependencies:
    once "^1.3.0"
    wrappy "1"

inherits@2:
  version "2.0.3"
  resolved "https://registry.yarnpkg.com/inherits/-/inherits-2.0.3.tgz#633c2c83e3da42a502f52466022480f4208261de"

interpret@^1.0.0:
  version "1.0.1"
  resolved "https://registry.yarnpkg.com/interpret/-/interpret-1.0.1.tgz#d579fb7f693b858004947af39fa0db49f795602c"

is-buffer@^1.0.2:
  version "1.1.4"
  resolved "https://registry.yarnpkg.com/is-buffer/-/is-buffer-1.1.4.tgz#cfc86ccd5dc5a52fa80489111c6920c457e2d98b"

jsonfile@^2.1.0:
  version "2.4.0"
  resolved "https://registry.yarnpkg.com/jsonfile/-/jsonfile-2.4.0.tgz#3736a2b428b87bbda0cc83b53fa3d633a35c2ae8"
  optionalDependencies:
    graceful-fs "^4.1.6"

kind-of@^3.0.2:
  version "3.0.4"
  resolved "https://registry.yarnpkg.com/kind-of/-/kind-of-3.0.4.tgz#7b8ecf18a4e17f8269d73b501c9f232c96887a74"
  dependencies:
    is-buffer "^1.0.2"

klaw@^1.0.0:
  version "1.3.1"
  resolved "https://registry.yarnpkg.com/klaw/-/klaw-1.3.1.tgz#4088433b46b3b1ba259d78785d8e96f73ba02439"
  optionalDependencies:
    graceful-fs "^4.1.9"

lazy-cache@^1.0.3:
  version "1.0.4"
  resolved "https://registry.yarnpkg.com/lazy-cache/-/lazy-cache-1.0.4.tgz#a1d78fc3a50474cb80845d3b3b6e1da49a446e8e"

lodash@^4.13.1:
  version "4.17.2"
  resolved "https://registry.yarnpkg.com/lodash/-/lodash-4.17.2.tgz#34a3055babe04ce42467b607d700072c7ff6bf42"

longest@^1.0.1:
  version "1.0.1"
  resolved "https://registry.yarnpkg.com/longest/-/longest-1.0.1.tgz#30a0b2da38f73770e8294a0d22e6625ed77d0097"

marked@^0.3.5:
  version "0.3.6"
  resolved "https://registry.yarnpkg.com/marked/-/marked-0.3.6.tgz#b2c6c618fccece4ef86c4fc6cb8a7cbf5aeda8d7"

minimatch@^3.0.0, minimatch@^3.0.2:
  version "3.0.3"
  resolved "https://registry.yarnpkg.com/minimatch/-/minimatch-3.0.3.tgz#2a4e4090b96b2db06a9d7df01055a62a77c9b774"
  dependencies:
    brace-expansion "^1.0.0"

minimist@^1.2.0:
  version "1.2.0"
  resolved "https://registry.yarnpkg.com/minimist/-/minimist-1.2.0.tgz#a35008b20f41383eec1fb914f4cd5df79a264284"

minimist@~0.0.1:
  version "0.0.10"
  resolved "https://registry.yarnpkg.com/minimist/-/minimist-0.0.10.tgz#de3f98543dbf96082be48ad1a0c7cda836301dcf"

minimist@0.0.8:
  version "0.0.8"
  resolved "https://registry.yarnpkg.com/minimist/-/minimist-0.0.8.tgz#857fcabfc3397d2625b8228262e86aa7a011b05d"

mkdirp@^0.5.1:
  version "0.5.1"
  resolved "https://registry.yarnpkg.com/mkdirp/-/mkdirp-0.5.1.tgz#30057438eac6cf7f8c4767f38648d6697d75c903"
  dependencies:
    minimist "0.0.8"

ngrx-store-freeze@^0.1.0:
  version "0.1.4"
  resolved "https://registry.yarnpkg.com/ngrx-store-freeze/-/ngrx-store-freeze-0.1.4.tgz#7994ad26878a503603606b9eb25ccdb61269750f"
  dependencies:
    deep-freeze "^0.0.1"

once@^1.3.0:
  version "1.4.0"
  resolved "https://registry.yarnpkg.com/once/-/once-1.4.0.tgz#583b1aa775961d4b113ac17d9c50baef9dd76bd1"
  dependencies:
    wrappy "1"

optimist@^0.6.1:
  version "0.6.1"
  resolved "https://registry.yarnpkg.com/optimist/-/optimist-0.6.1.tgz#da3ea74686fa21a19a111c326e90eb15a0196686"
  dependencies:
    minimist "~0.0.1"
    wordwrap "~0.0.2"

parse5@^2.2.1:
  version "2.2.3"
  resolved "https://registry.yarnpkg.com/parse5/-/parse5-2.2.3.tgz#0c4fc41c1000c5e6b93d48b03f8083837834e9f6"

path-is-absolute@^1.0.0:
  version "1.0.1"
  resolved "https://registry.yarnpkg.com/path-is-absolute/-/path-is-absolute-1.0.1.tgz#174b9268735534ffbc7ace6bf53a5a9e1b5c5f5f"

progress@^1.1.8:
  version "1.1.8"
  resolved "https://registry.yarnpkg.com/progress/-/progress-1.1.8.tgz#e260c78f6161cdd9b0e56cc3e0a85de17c7a57be"

rechoir@^0.6.2:
  version "0.6.2"
  resolved "https://registry.yarnpkg.com/rechoir/-/rechoir-0.6.2.tgz#85204b54dba82d5742e28c96756ef43af50e3384"
  dependencies:
    resolve "^1.1.6"

reflect-metadata@^0.1.2:
  version "0.1.8"
  resolved "https://registry.yarnpkg.com/reflect-metadata/-/reflect-metadata-0.1.8.tgz#72426d570b60776e3688968bd5ab9537a15cecf6"

repeat-string@^1.5.2:
  version "1.6.1"
  resolved "https://registry.yarnpkg.com/repeat-string/-/repeat-string-1.6.1.tgz#8dcae470e1c88abc2d600fff4a776286da75e637"

reselect@^2.5.4:
  version "2.5.4"
  resolved "https://registry.yarnpkg.com/reselect/-/reselect-2.5.4.tgz#b7d23fdf00b83fa7ad0279546f8dbbbd765c7047"

resolve@^1.1.6:
  version "1.1.7"
  resolved "https://registry.yarnpkg.com/resolve/-/resolve-1.1.7.tgz#203114d82ad2c5ed9e8e0411b3932875e889e97b"

right-align@^0.1.1:
  version "0.1.3"
  resolved "https://registry.yarnpkg.com/right-align/-/right-align-0.1.3.tgz#61339b722fe6a3515689210d24e14c96148613ef"
  dependencies:
    align-text "^0.1.1"

rimraf@^2.2.8:
  version "2.5.4"
  resolved "https://registry.yarnpkg.com/rimraf/-/rimraf-2.5.4.tgz#96800093cbf1a0c86bd95b4625467535c29dfa04"
  dependencies:
    glob "^7.0.5"

rxjs@^5.0.0-beta.12:
  version "5.0.0-rc.4"
  resolved "https://registry.yarnpkg.com/rxjs/-/rxjs-5.0.0-rc.4.tgz#a4d08bc5d7f30d48ed7130e2995490c326a325c4"
  dependencies:
    symbol-observable "^1.0.1"

shelljs@^0.7.0:
  version "0.7.5"
  resolved "https://registry.yarnpkg.com/shelljs/-/shelljs-0.7.5.tgz#2eef7a50a21e1ccf37da00df767ec69e30ad0675"
  dependencies:
    glob "^7.0.0"
    interpret "^1.0.0"
    rechoir "^0.6.2"

source-map-support@^0.3.1:
  version "0.3.3"
  resolved "https://registry.yarnpkg.com/source-map-support/-/source-map-support-0.3.3.tgz#34900977d5ba3f07c7757ee72e73bb1a9b53754f"
  dependencies:
    source-map "0.1.32"

source-map@^0.4.2, source-map@^0.4.4:
  version "0.4.4"
  resolved "https://registry.yarnpkg.com/source-map/-/source-map-0.4.4.tgz#eba4f5da9c0dc999de68032d8b4f76173652036b"
  dependencies:
    amdefine ">=0.0.4"

source-map@~0.5.1:
  version "0.5.6"
  resolved "https://registry.yarnpkg.com/source-map/-/source-map-0.5.6.tgz#75ce38f52bf0733c5a7f0c118d81334a2bb5f412"

source-map@0.1.32:
  version "0.1.32"
  resolved "https://registry.yarnpkg.com/source-map/-/source-map-0.1.32.tgz#c8b6c167797ba4740a8ea33252162ff08591b266"
  dependencies:
    amdefine ">=0.0.4"

symbol-observable@^1.0.1:
  version "1.0.4"
  resolved "https://registry.yarnpkg.com/symbol-observable/-/symbol-observable-1.0.4.tgz#29bf615d4aa7121bdd898b22d4b3f9bc4e2aa03d"

ts-helpers@^1.1.1:
  version "1.1.2"
  resolved "https://registry.yarnpkg.com/ts-helpers/-/ts-helpers-1.1.2.tgz#fc69be9f1f3baed01fb1a0ef8d4cfe748814d835"

tsickle@^0.1.7:
  version "0.1.7"
  resolved "https://registry.yarnpkg.com/tsickle/-/tsickle-0.1.7.tgz#bfe8f4cdcdaf9a40b84a729a38480c2f824f18ab"
  dependencies:
    minimist "^1.2.0"
    mkdirp "^0.5.1"
    source-map "^0.4.2"
    source-map-support "^0.3.1"

typedoc-default-themes@^0.4.0:
  version "0.4.1"
  resolved "https://registry.yarnpkg.com/typedoc-default-themes/-/typedoc-default-themes-0.4.1.tgz#98ebcf2202aac7711a06a9a8638f05ebd28b0e26"

typedoc@^0.5.1:
  version "0.5.1"
  resolved "https://registry.yarnpkg.com/typedoc/-/typedoc-0.5.1.tgz#150f92bdc4a36d8e114b27f1d296329d27e837dd"
  dependencies:
    "@types/fs-extra" "0.0.33"
    "@types/handlebars" "^4.0.31"
    "@types/highlight.js" "^9.1.8"
    "@types/lodash" "^4.14.37"
    "@types/marked" "0.0.28"
    "@types/minimatch" "^2.0.29"
    "@types/shelljs" "^0.3.32"
    fs-extra "^0.30.0"
    handlebars "4.0.5"
    highlight.js "^9.0.0"
    lodash "^4.13.1"
    marked "^0.3.5"
    minimatch "^3.0.0"
    progress "^1.1.8"
    shelljs "^0.7.0"
    typedoc-default-themes "^0.4.0"
    typescript "2.0.6"

typescript@2.0.6:
  version "2.0.6"
  resolved "https://registry.yarnpkg.com/typescript/-/typescript-2.0.6.tgz#5385499ac9811508c2c43e0ea07a1ddca435e111"

uglify-js@^2.6:
  version "2.7.4"
  resolved "https://registry.yarnpkg.com/uglify-js/-/uglify-js-2.7.4.tgz#a295a0de12b6a650c031c40deb0dc40b14568bd2"
  dependencies:
    async "~0.2.6"
    source-map "~0.5.1"
    uglify-to-browserify "~1.0.0"
    yargs "~3.10.0"

uglify-to-browserify@~1.0.0:
  version "1.0.2"
  resolved "https://registry.yarnpkg.com/uglify-to-browserify/-/uglify-to-browserify-1.0.2.tgz#6e0924d6bda6b5afe349e39a6d632850a0f882b7"

window-size@0.1.0:
  version "0.1.0"
  resolved "https://registry.yarnpkg.com/window-size/-/window-size-0.1.0.tgz#5438cd2ea93b202efa3a19fe8887aee7c94f9c9d"

wordwrap@~0.0.2:
  version "0.0.3"
  resolved "https://registry.yarnpkg.com/wordwrap/-/wordwrap-0.0.3.tgz#a3d5da6cd5c0bc0008d37234bbaf1bed63059107"

wordwrap@0.0.2:
  version "0.0.2"
  resolved "https://registry.yarnpkg.com/wordwrap/-/wordwrap-0.0.2.tgz#b79669bb42ecb409f83d583cad52ca17eaa1643f"

wrappy@1:
  version "1.0.2"
  resolved "https://registry.yarnpkg.com/wrappy/-/wrappy-1.0.2.tgz#b5243d8f3ec1aa35f1364605bc0d1036e30ab69f"

yargs@~3.10.0:
  version "3.10.0"
  resolved "https://registry.yarnpkg.com/yargs/-/yargs-3.10.0.tgz#f7ee7bd857dd7c1d2d38c0e74efbd681d1431fd1"
  dependencies:
    camelcase "^1.0.2"
    cliui "^2.1.0"
    decamelize "^1.0.0"
    window-size "0.1.0"

zone.js@^0.6.25:
  version "0.6.26"
  resolved "https://registry.yarnpkg.com/zone.js/-/zone.js-0.6.26.tgz#067c13b8b80223a89b62e9dc82680f09762c4636"

